
Microsoft Visual Studio Solution File, Format Version 12.00
# Visual Studio Version 17
VisualStudioVersion = 17.14.36603.0 d17.14
MinimumVisualStudioVersion = 10.0.40219.1
Project("{54A90642-561A-4BB1-A94E-469ADEE60C69}") = "BeautyCode", "BeautyCode\BeautyCode.esproj", "{A6C129CA-0CAC-A219-25B4-0DF714A287B6}"
EndProject
Global
	GlobalSection(SolutionConfigurationPlatforms) = preSolution
		Debug|Any CPU = Debug|Any CPU
		Release|Any CPU = Release|Any CPU
	EndGlobalSection
	GlobalSection(ProjectConfigurationPlatforms) = postSolution
		{A6C129CA-0CAC-A219-25B4-0DF714A287B6}.Debug|Any CPU.ActiveCfg = Debug|Any CPU
		{A6C129CA-0CAC-A219-25B4-0DF714A287B6}.Debug|Any CPU.Build.0 = Debug|Any CPU
		{A6C129CA-0CAC-A219-25B4-0DF714A287B6}.Debug|Any CPU.Deploy.0 = Debug|Any CPU
		{A6C129CA-0CAC-A219-25B4-0DF714A287B6}.Release|Any CPU.ActiveCfg = Release|Any CPU
		{A6C129CA-0CAC-A219-25B4-0DF714A287B6}.Release|Any CPU.Build.0 = Release|Any CPU
		{A6C129CA-0CAC-A219-25B4-0DF714A287B6}.Release|Any CPU.Deploy.0 = Release|Any CPU
	EndGlobalSection
	GlobalSection(SolutionProperties) = preSolution
		HideSolutionNode = FALSE
	EndGlobalSection
	GlobalSection(ExtensibilityGlobals) = postSolution
		SolutionGuid = {48A9D00F-63CB-4E07-8FFC-8FEA856BC020}
	EndGlobalSection
EndGlobal
